
Microsoft Visual Studio Solution File, Format Version 12.00
# Visual Studio Version 17
VisualStudioVersion = 17.14.36310.24
MinimumVisualStudioVersion = 10.0.40219.1
Project("{FAE04EC0-301F-11D3-BF4B-00C04F79EFBC}") = "StubPlayer", "StubPlayer\StubPlayer.csproj", "{7954FF9B-661A-458E-B6D2-69B0D0B6DA55}"
EndProject
Project("{FAE04EC0-301F-11D3-BF4B-00C04F79EFBC}") = "Packer", "Packer\Packer.csproj", "{3D40C014-39A9-482F-9F61-E335A7C0E389}"
EndProject
Project("{FAE04EC0-301F-11D3-BF4B-00C04F79EFBC}") = "UsbPacker", "UsbPacker\UsbPacker.csproj", "{416AE390-6C8C-46B1-95B6-357C4A236DD3}"
EndProject
Global
	GlobalSection(SolutionConfigurationPlatforms) = preSolution
		Debug|Any CPU = Debug|Any CPU
		Release|Any CPU = Release|Any CPU
	EndGlobalSection
	GlobalSection(ProjectConfigurationPlatforms) = postSolution
		{7954FF9B-661A-458E-B6D2-69B0D0B6DA55}.Debug|Any CPU.ActiveCfg = Debug|Any CPU
		{7954FF9B-661A-458E-B6D2-69B0D0B6DA55}.Debug|Any CPU.Build.0 = Debug|Any CPU
		{7954FF9B-661A-458E-B6D2-69B0D0B6DA55}.Release|Any CPU.ActiveCfg = Release|Any CPU
		{7954FF9B-661A-458E-B6D2-69B0D0B6DA55}.Release|Any CPU.Build.0 = Release|Any CPU
		{3D40C014-39A9-482F-9F61-E335A7C0E389}.Debug|Any CPU.ActiveCfg = Debug|Any CPU
		{3D40C014-39A9-482F-9F61-E335A7C0E389}.Debug|Any CPU.Build.0 = Debug|Any CPU
		{3D40C014-39A9-482F-9F61-E335A7C0E389}.Release|Any CPU.ActiveCfg = Release|Any CPU
		{3D40C014-39A9-482F-9F61-E335A7C0E389}.Release|Any CPU.Build.0 = Release|Any CPU
		{416AE390-6C8C-46B1-95B6-357C4A236DD3}.Debug|Any CPU.ActiveCfg = Debug|Any CPU
		{416AE390-6C8C-46B1-95B6-357C4A236DD3}.Debug|Any CPU.Build.0 = Debug|Any CPU
		{416AE390-6C8C-46B1-95B6-357C4A236DD3}.Release|Any CPU.ActiveCfg = Release|Any CPU
		{416AE390-6C8C-46B1-95B6-357C4A236DD3}.Release|Any CPU.Build.0 = Release|Any CPU
	EndGlobalSection
	GlobalSection(SolutionProperties) = preSolution
		HideSolutionNode = FALSE
	EndGlobalSection
	GlobalSection(ExtensibilityGlobals) = postSolution
		SolutionGuid = {BEBF586F-57F4-4909-A6BC-3B4C7025E6C4}
	EndGlobalSection
EndGlobal
